
Microsoft Visual Studio Solution File, Format Version 12.00
# Visual Studio 15
VisualStudioVersion = 15.0.28307.960
MinimumVisualStudioVersion = 10.0.40219.1
Project("{8BC9CEB8-8B4A-11D0-8D11-00A0C91BC942}") = "Entitas", "Entitas\Entitas.vcxproj", "{1DCDD8BC-F134-4D34-A800-CFA7E3CF30CA}"
EndProject
Project("{8BC9CEB8-8B4A-11D0-8D11-00A0C91BC942}") = "Project", "Project\Project.vcxproj", "{3AD56166-2B10-4AF7-A56B-CF61F63F1C01}"
	ProjectSection(ProjectDependencies) = postProject
		{1DCDD8BC-F134-4D34-A800-CFA7E3CF30CA} = {1DCDD8BC-F134-4D34-A800-CFA7E3CF30CA}
	EndProjectSection
EndProject
Global
	GlobalSection(SolutionConfigurationPlatforms) = preSolution
		Debug|x64 = Debug|x64
		Debug|x86 = Debug|x86
		Release|x64 = Release|x64
		Release|x86 = Release|x86
	EndGlobalSection
	GlobalSection(ProjectConfigurationPlatforms) = postSolution
		{1DCDD8BC-F134-4D34-A800-CFA7E3CF30CA}.Debug|x64.ActiveCfg = Debug|x64
		{1DCDD8BC-F134-4D34-A800-CFA7E3CF30CA}.Debug|x64.Build.0 = Debug|x64
		{1DCDD8BC-F134-4D34-A800-CFA7E3CF30CA}.Debug|x86.ActiveCfg = Debug|Win32
		{1DCDD8BC-F134-4D34-A800-CFA7E3CF30CA}.Debug|x86.Build.0 = Debug|Win32
		{1DCDD8BC-F134-4D34-A800-CFA7E3CF30CA}.Release|x64.ActiveCfg = Release|x64
		{1DCDD8BC-F134-4D34-A800-CFA7E3CF30CA}.Release|x64.Build.0 = Release|x64
		{1DCDD8BC-F134-4D34-A800-CFA7E3CF30CA}.Release|x86.ActiveCfg = Release|Win32
		{1DCDD8BC-F134-4D34-A800-CFA7E3CF30CA}.Release|x86.Build.0 = Release|Win32
		{3AD56166-2B10-4AF7-A56B-CF61F63F1C01}.Debug|x64.ActiveCfg = Debug|x64
		{3AD56166-2B10-4AF7-A56B-CF61F63F1C01}.Debug|x64.Build.0 = Debug|x64
		{3AD56166-2B10-4AF7-A56B-CF61F63F1C01}.Debug|x86.ActiveCfg = Debug|Win32
		{3AD56166-2B10-4AF7-A56B-CF61F63F1C01}.Debug|x86.Build.0 = Debug|Win32
		{3AD56166-2B10-4AF7-A56B-CF61F63F1C01}.Release|x64.ActiveCfg = Release|x64
		{3AD56166-2B10-4AF7-A56B-CF61F63F1C01}.Release|x64.Build.0 = Release|x64
		{3AD56166-2B10-4AF7-A56B-CF61F63F1C01}.Release|x86.ActiveCfg = Release|Win32
		{3AD56166-2B10-4AF7-A56B-CF61F63F1C01}.Release|x86.Build.0 = Release|Win32
	EndGlobalSection
	GlobalSection(SolutionProperties) = preSolution
		HideSolutionNode = FALSE
	EndGlobalSection
	GlobalSection(ExtensibilityGlobals) = postSolution
		SolutionGuid = {EE135907-1190-4CB4-81F9-8527F6CA4611}
	EndGlobalSection
EndGlobal
