
Microsoft Visual Studio Solution File, Format Version 12.00
# Visual Studio 15
VisualStudioVersion = 15.0.28307.960
MinimumVisualStudioVersion = 10.0.40219.1
Project("{8BC9CEB8-8B4A-11D0-8D11-00A0C91BC942}") = "Server", "Server\Server.vcxproj", "{BC72D3FD-6CBD-4736-A048-4BB1E15D02AF}"
	ProjectSection(ProjectDependencies) = postProject
		{D2002080-3C78-456A-8A5D-4BA0B0F81A17} = {D2002080-3C78-456A-8A5D-4BA0B0F81A17}
	EndProjectSection
EndProject
Project("{8BC9CEB8-8B4A-11D0-8D11-00A0C91BC942}") = "Entitas", "Entitas\Entitas.vcxproj", "{D2002080-3C78-456A-8A5D-4BA0B0F81A17}"
EndProject
Global
	GlobalSection(SolutionConfigurationPlatforms) = preSolution
		Debug|x64 = Debug|x64
		Debug|x86 = Debug|x86
		Release|x64 = Release|x64
		Release|x86 = Release|x86
	EndGlobalSection
	GlobalSection(ProjectConfigurationPlatforms) = postSolution
		{BC72D3FD-6CBD-4736-A048-4BB1E15D02AF}.Debug|x64.ActiveCfg = Debug|x64
		{BC72D3FD-6CBD-4736-A048-4BB1E15D02AF}.Debug|x64.Build.0 = Debug|x64
		{BC72D3FD-6CBD-4736-A048-4BB1E15D02AF}.Debug|x86.ActiveCfg = Debug|Win32
		{BC72D3FD-6CBD-4736-A048-4BB1E15D02AF}.Debug|x86.Build.0 = Debug|Win32
		{BC72D3FD-6CBD-4736-A048-4BB1E15D02AF}.Release|x64.ActiveCfg = Release|x64
		{BC72D3FD-6CBD-4736-A048-4BB1E15D02AF}.Release|x64.Build.0 = Release|x64
		{BC72D3FD-6CBD-4736-A048-4BB1E15D02AF}.Release|x86.ActiveCfg = Release|Win32
		{BC72D3FD-6CBD-4736-A048-4BB1E15D02AF}.Release|x86.Build.0 = Release|Win32
		{D2002080-3C78-456A-8A5D-4BA0B0F81A17}.Debug|x64.ActiveCfg = Debug|x64
		{D2002080-3C78-456A-8A5D-4BA0B0F81A17}.Debug|x64.Build.0 = Debug|x64
		{D2002080-3C78-456A-8A5D-4BA0B0F81A17}.Debug|x86.ActiveCfg = Debug|Win32
		{D2002080-3C78-456A-8A5D-4BA0B0F81A17}.Debug|x86.Build.0 = Debug|Win32
		{D2002080-3C78-456A-8A5D-4BA0B0F81A17}.Release|x64.ActiveCfg = Release|x64
		{D2002080-3C78-456A-8A5D-4BA0B0F81A17}.Release|x64.Build.0 = Release|x64
		{D2002080-3C78-456A-8A5D-4BA0B0F81A17}.Release|x86.ActiveCfg = Release|Win32
		{D2002080-3C78-456A-8A5D-4BA0B0F81A17}.Release|x86.Build.0 = Release|Win32
	EndGlobalSection
	GlobalSection(SolutionProperties) = preSolution
		HideSolutionNode = FALSE
	EndGlobalSection
	GlobalSection(ExtensibilityGlobals) = postSolution
		SolutionGuid = {2B60B53E-1112-4A0D-A5BA-8D37C94C2A44}
	EndGlobalSection
EndGlobal
