<?xml version="1.0" encoding="utf-8"?>
<Project ToolsVersion="4.0" xmlns="http://schemas.microsoft.com/developer/msbuild/2003">
  <ItemGroup>
    <Filter Include="Entitas">
      <UniqueIdentifier>{4FC737F1-C7A5-4376-A066-2A32D752A2FF}</UniqueIdentifier>
      <Extensions>cpp;c;cc;cxx;def;odl;idl;hpj;bat;asm;asmx</Extensions>
    </Filter>
  </ItemGroup>
  <ItemGroup>
    <ClInclude Include="..\Engine\Entitas\Group.hpp">
      <Filter>Entitas</Filter>
    </ClInclude>
    <ClInclude Include="..\Engine\Entitas\GroupEventType.hpp">
      <Filter>Entitas</Filter>
    </ClInclude>
    <ClInclude Include="..\Engine\Entitas\GroupObserver.hpp">
      <Filter>Entitas</Filter>
    </ClInclude>
    <ClInclude Include="..\Engine\Entitas\IComponent.hpp">
      <Filter>Entitas</Filter>
    </ClInclude>
    <ClInclude Include="..\Engine\Entitas\ISystem.hpp">
      <Filter>Entitas</Filter>
    </ClInclude>
    <ClInclude Include="..\Engine\Entitas\Matcher.hpp">
      <Filter>Entitas</Filter>
    </ClInclude>
    <ClInclude Include="..\Engine\Entitas\Pool.hpp">
      <Filter>Entitas</Filter>
    </ClInclude>
    <ClInclude Include="..\Engine\Entitas\ReactiveSystem.hpp">
      <Filter>Entitas</Filter>
    </ClInclude>
    <ClInclude Include="..\Engine\Entitas\SystemContainer.hpp">
      <Filter>Entitas</Filter>
    </ClInclude>
    <ClInclude Include="..\Engine\Entitas\TriggerOnEvent.hpp">
      <Filter>Entitas</Filter>
    </ClInclude>
    <ClInclude Include="..\Engine\Entitas\ComponentTypeId.hpp">
      <Filter>Entitas</Filter>
    </ClInclude>
    <ClInclude Include="..\Engine\Entitas\Delegate.hpp">
      <Filter>Entitas</Filter>
    </ClInclude>
    <ClInclude Include="..\Engine\Entitas\Entity.hpp">
      <Filter>Entitas</Filter>
    </ClInclude>
    <ClInclude Include="..\Engine\engine.hpp" />
  </ItemGroup>
  <ItemGroup>
    <ClCompile Include="..\Engine\Entitas\GroupObserver.cpp">
      <Filter>Entitas</Filter>
    </ClCompile>
    <ClCompile Include="..\Engine\Entitas\Matcher.cpp">
      <Filter>Entitas</Filter>
    </ClCompile>
    <ClCompile Include="..\Engine\Entitas\Pool.cpp">
      <Filter>Entitas</Filter>
    </ClCompile>
    <ClCompile Include="..\Engine\Entitas\ReactiveSystem.cpp">
      <Filter>Entitas</Filter>
    </ClCompile>
    <ClCompile Include="..\Engine\Entitas\SystemContainer.cpp">
      <Filter>Entitas</Filter>
    </ClCompile>
    <ClCompile Include="..\Engine\Entitas\ComponentTypeId.cpp">
      <Filter>Entitas</Filter>
    </ClCompile>
    <ClCompile Include="..\Engine\Entitas\Entity.cpp">
      <Filter>Entitas</Filter>
    </ClCompile>
    <ClCompile Include="..\Engine\Entitas\Group.cpp">
      <Filter>Entitas</Filter>
    </ClCompile>
    <ClCompile Include="..\Engine\engine.cpp" />
  </ItemGroup>
</Project>