<?xml version="1.0" encoding="utf-8"?>
<Project ToolsVersion="4.0" xmlns="http://schemas.microsoft.com/developer/msbuild/2003">
  <ItemGroup>
    <Filter Include="Entitas">
      <UniqueIdentifier>{4FC737F1-C7A5-4376-A066-2A32D752A2FF}</UniqueIdentifier>
      <Extensions>cpp;c;cc;cxx;def;odl;idl;hpj;bat;asm;asmx</Extensions>
    </Filter>
    <Filter Include="Component">
      <UniqueIdentifier>{1ec7edc0-4f50-4fc0-b340-7a2e2d44b056}</UniqueIdentifier>
    </Filter>
    <Filter Include="System">
      <UniqueIdentifier>{e29ec7f8-d42e-4fef-977e-44dbe70dc217}</UniqueIdentifier>
    </Filter>
    <Filter Include="Util">
      <UniqueIdentifier>{74f5e189-377b-4677-bc5f-3568196cf4f2}</UniqueIdentifier>
    </Filter>
  </ItemGroup>
  <ItemGroup>
    <ClInclude Include="..\Engine\Entitas\Group.hpp">
      <Filter>Entitas</Filter>
    </ClInclude>
    <ClInclude Include="..\Engine\Entitas\GroupEventType.hpp">
      <Filter>Entitas</Filter>
    </ClInclude>
    <ClInclude Include="..\Engine\Entitas\GroupObserver.hpp">
      <Filter>Entitas</Filter>
    </ClInclude>
    <ClInclude Include="..\Engine\Entitas\IComponent.hpp">
      <Filter>Entitas</Filter>
    </ClInclude>
    <ClInclude Include="..\Engine\Entitas\ISystem.hpp">
      <Filter>Entitas</Filter>
    </ClInclude>
    <ClInclude Include="..\Engine\Entitas\Matcher.hpp">
      <Filter>Entitas</Filter>
    </ClInclude>
    <ClInclude Include="..\Engine\Entitas\Pool.hpp">
      <Filter>Entitas</Filter>
    </ClInclude>
    <ClInclude Include="..\Engine\Entitas\ReactiveSystem.hpp">
      <Filter>Entitas</Filter>
    </ClInclude>
    <ClInclude Include="..\Engine\Entitas\SystemContainer.hpp">
      <Filter>Entitas</Filter>
    </ClInclude>
    <ClInclude Include="..\Engine\Entitas\TriggerOnEvent.hpp">
      <Filter>Entitas</Filter>
    </ClInclude>
    <ClInclude Include="..\Engine\Entitas\ComponentTypeId.hpp">
      <Filter>Entitas</Filter>
    </ClInclude>
    <ClInclude Include="..\Engine\Entitas\Delegate.hpp">
      <Filter>Entitas</Filter>
    </ClInclude>
    <ClInclude Include="..\Engine\Entitas\Entity.hpp">
      <Filter>Entitas</Filter>
    </ClInclude>
    <ClInclude Include="..\Engine\engine.hpp" />
    <ClInclude Include="..\Engine\system\MoveSystem.hpp">
      <Filter>System</Filter>
    </ClInclude>
    <ClInclude Include="..\Engine\System\DemoSystem.hpp">
      <Filter>System</Filter>
    </ClInclude>
    <ClInclude Include="..\Engine\System\EntitySystem.hpp">
      <Filter>System</Filter>
    </ClInclude>
    <ClInclude Include="..\Engine\Util\util.hpp">
      <Filter>Util</Filter>
    </ClInclude>
    <ClInclude Include="..\Engine\Util\tinyxml2.h">
      <Filter>Util</Filter>
    </ClInclude>
    <ClInclude Include="..\Engine\Util\vector3.hpp">
      <Filter>Util</Filter>
    </ClInclude>
    <ClInclude Include="..\Engine\Component\DemoComponent.hpp">
      <Filter>Component</Filter>
    </ClInclude>
    <ClInclude Include="..\Engine\Component\Move.hpp">
      <Filter>Component</Filter>
    </ClInclude>
    <ClInclude Include="..\Engine\Component\Position.hpp">
      <Filter>Component</Filter>
    </ClInclude>
    <ClInclude Include="..\Engine\Component\Rotation.hpp">
      <Filter>Component</Filter>
    </ClInclude>
    <ClInclude Include="..\Engine\EngineInfo.hpp" />
    <ClInclude Include="..\Engine\Component\XMonster.hpp">
      <Filter>Component</Filter>
    </ClInclude>
    <ClInclude Include="..\Engine\Component\XRole.hpp">
      <Filter>Component</Filter>
    </ClInclude>
    <ClInclude Include="..\Engine\interface.hpp" />
    <ClInclude Include="..\Engine\Component\Path.hpp">
      <Filter>Component</Filter>
    </ClInclude>
    <ClInclude Include="..\Engine\System\PathSystem.hpp">
      <Filter>System</Filter>
    </ClInclude>
    <ClInclude Include="..\Engine\Component\Skill.hpp">
      <Filter>Component</Filter>
    </ClInclude>
    <ClInclude Include="..\Engine\type.hpp" />
    <ClInclude Include="..\Engine\System\SkillSystem.hpp">
      <Filter>System</Filter>
    </ClInclude>
    <ClInclude Include="..\Engine\Component\XActor.hpp">
      <Filter>Component</Filter>
    </ClInclude>
  </ItemGroup>
  <ItemGroup>
    <ClCompile Include="..\Engine\Entitas\GroupObserver.cpp">
      <Filter>Entitas</Filter>
    </ClCompile>
    <ClCompile Include="..\Engine\Entitas\Matcher.cpp">
      <Filter>Entitas</Filter>
    </ClCompile>
    <ClCompile Include="..\Engine\Entitas\Pool.cpp">
      <Filter>Entitas</Filter>
    </ClCompile>
    <ClCompile Include="..\Engine\Entitas\ReactiveSystem.cpp">
      <Filter>Entitas</Filter>
    </ClCompile>
    <ClCompile Include="..\Engine\Entitas\SystemContainer.cpp">
      <Filter>Entitas</Filter>
    </ClCompile>
    <ClCompile Include="..\Engine\Entitas\ComponentTypeId.cpp">
      <Filter>Entitas</Filter>
    </ClCompile>
    <ClCompile Include="..\Engine\Entitas\Entity.cpp">
      <Filter>Entitas</Filter>
    </ClCompile>
    <ClCompile Include="..\Engine\Entitas\Group.cpp">
      <Filter>Entitas</Filter>
    </ClCompile>
    <ClCompile Include="..\Engine\engine.cpp" />
    <ClCompile Include="..\Engine\Util\util.cpp">
      <Filter>Util</Filter>
    </ClCompile>
    <ClCompile Include="..\Engine\Util\tinyxml2.cpp">
      <Filter>Util</Filter>
    </ClCompile>
    <ClCompile Include="..\Engine\Util\vector3.cpp">
      <Filter>Util</Filter>
    </ClCompile>
    <ClCompile Include="..\Engine\interface.cpp" />
  </ItemGroup>
</Project>